github.com/thegeeklab/hugo-geekdoc v2.0.1+incompatible h1:6yCbaajQlYqU16chSfl6VYgq7qcxsbvPvZddH6Rq3us=
github.com/thegeeklab/hugo-geekdoc v2.0.1+incompatible/go.mod h1:XEAtAuJ3nRMshRupMW1xPZ7EVMleS87rmr+RklRamRY=
github.com/thegeeklab/hugo-geekdoc v4.1.0+incompatible h1:8q3CcEKsq63vRgnztyG0HCBEmvNIxiNnGY6BOTW74Ns=
github.com/thegeeklab/hugo-geekdoc v4.1.0+incompatible/go.mod h1:XEAtAuJ3nRMshRupMW1xPZ7EVMleS87rmr+RklRamRY=
